
Microsoft Visual Studio Solution File, Format Version 12.00
# Visual Studio Version 17
VisualStudioVersion = 17.0.31903.59
MinimumVisualStudioVersion = 10.0.40219.1
Project("{FAE04EC0-301F-11D3-BF4B-00C04F79EFBC}") = "linq-basics", "linq-basics\linq-basics.csproj", "{537FF5FA-0411-4391-9AA6-C7D8F87776EA}"
EndProject
Project("{FAE04EC0-301F-11D3-BF4B-00C04F79EFBC}") = "linq-advanced", "linq-advanced\linq-advanced.csproj", "{697A41B0-440F-4839-865E-974DB1FDF8EE}"
EndProject
Global
	GlobalSection(SolutionConfigurationPlatforms) = preSolution
		Debug|Any CPU = Debug|Any CPU
		Debug|x64 = Debug|x64
		Debug|x86 = Debug|x86
		Release|Any CPU = Release|Any CPU
		Release|x64 = Release|x64
		Release|x86 = Release|x86
	EndGlobalSection
	GlobalSection(ProjectConfigurationPlatforms) = postSolution
		{537FF5FA-0411-4391-9AA6-C7D8F87776EA}.Debug|Any CPU.ActiveCfg = Debug|Any CPU
		{537FF5FA-0411-4391-9AA6-C7D8F87776EA}.Debug|Any CPU.Build.0 = Debug|Any CPU
		{537FF5FA-0411-4391-9AA6-C7D8F87776EA}.Debug|x64.ActiveCfg = Debug|Any CPU
		{537FF5FA-0411-4391-9AA6-C7D8F87776EA}.Debug|x64.Build.0 = Debug|Any CPU
		{537FF5FA-0411-4391-9AA6-C7D8F87776EA}.Debug|x86.ActiveCfg = Debug|Any CPU
		{537FF5FA-0411-4391-9AA6-C7D8F87776EA}.Debug|x86.Build.0 = Debug|Any CPU
		{537FF5FA-0411-4391-9AA6-C7D8F87776EA}.Release|Any CPU.ActiveCfg = Release|Any CPU
		{537FF5FA-0411-4391-9AA6-C7D8F87776EA}.Release|Any CPU.Build.0 = Release|Any CPU
		{537FF5FA-0411-4391-9AA6-C7D8F87776EA}.Release|x64.ActiveCfg = Release|Any CPU
		{537FF5FA-0411-4391-9AA6-C7D8F87776EA}.Release|x64.Build.0 = Release|Any CPU
		{537FF5FA-0411-4391-9AA6-C7D8F87776EA}.Release|x86.ActiveCfg = Release|Any CPU
		{537FF5FA-0411-4391-9AA6-C7D8F87776EA}.Release|x86.Build.0 = Release|Any CPU
		{697A41B0-440F-4839-865E-974DB1FDF8EE}.Debug|Any CPU.ActiveCfg = Debug|Any CPU
		{697A41B0-440F-4839-865E-974DB1FDF8EE}.Debug|Any CPU.Build.0 = Debug|Any CPU
		{697A41B0-440F-4839-865E-974DB1FDF8EE}.Debug|x64.ActiveCfg = Debug|Any CPU
		{697A41B0-440F-4839-865E-974DB1FDF8EE}.Debug|x64.Build.0 = Debug|Any CPU
		{697A41B0-440F-4839-865E-974DB1FDF8EE}.Debug|x86.ActiveCfg = Debug|Any CPU
		{697A41B0-440F-4839-865E-974DB1FDF8EE}.Debug|x86.Build.0 = Debug|Any CPU
		{697A41B0-440F-4839-865E-974DB1FDF8EE}.Release|Any CPU.ActiveCfg = Release|Any CPU
		{697A41B0-440F-4839-865E-974DB1FDF8EE}.Release|Any CPU.Build.0 = Release|Any CPU
		{697A41B0-440F-4839-865E-974DB1FDF8EE}.Release|x64.ActiveCfg = Release|Any CPU
		{697A41B0-440F-4839-865E-974DB1FDF8EE}.Release|x64.Build.0 = Release|Any CPU
		{697A41B0-440F-4839-865E-974DB1FDF8EE}.Release|x86.ActiveCfg = Release|Any CPU
		{697A41B0-440F-4839-865E-974DB1FDF8EE}.Release|x86.Build.0 = Release|Any CPU
	EndGlobalSection
	GlobalSection(SolutionProperties) = preSolution
		HideSolutionNode = FALSE
	EndGlobalSection
EndGlobal
